
Microsoft Visual Studio Solution File, Format Version 12.00
# Visual Studio Version 17
VisualStudioVersion = 17.0.31903.59
MinimumVisualStudioVersion = 10.0.40219.1
Project("{FAE04EC0-301F-11D3-BF4B-00C04F79EFBC}") = "MoqToNSubstituteConverter.Tests", "MoqToNSubstituteConverter.Tests\MoqToNSubstituteConverter.Tests.csproj", "{AE5B3248-98EF-408A-95D2-9A46CFB57B88}"
EndProject
Project("{FAE04EC0-301F-11D3-BF4B-00C04F79EFBC}") = "MoqToNSubstituteConverter", "MoqToNSubstituteConverter\MoqToNSubstituteConverter.csproj", "{A9FAD1FF-8686-4F2D-9880-B6A5C1FB4DFE}"
EndProject
Global
	GlobalSection(SolutionConfigurationPlatforms) = preSolution
		Debug|Any CPU = Debug|Any CPU
		Release|Any CPU = Release|Any CPU
	EndGlobalSection
	GlobalSection(SolutionProperties) = preSolution
		HideSolutionNode = FALSE
	EndGlobalSection
	GlobalSection(ProjectConfigurationPlatforms) = postSolution
		{AE5B3248-98EF-408A-95D2-9A46CFB57B88}.Debug|Any CPU.ActiveCfg = Debug|Any CPU
		{AE5B3248-98EF-408A-95D2-9A46CFB57B88}.Debug|Any CPU.Build.0 = Debug|Any CPU
		{AE5B3248-98EF-408A-95D2-9A46CFB57B88}.Release|Any CPU.ActiveCfg = Release|Any CPU
		{AE5B3248-98EF-408A-95D2-9A46CFB57B88}.Release|Any CPU.Build.0 = Release|Any CPU
		{A9FAD1FF-8686-4F2D-9880-B6A5C1FB4DFE}.Debug|Any CPU.ActiveCfg = Debug|Any CPU
		{A9FAD1FF-8686-4F2D-9880-B6A5C1FB4DFE}.Debug|Any CPU.Build.0 = Debug|Any CPU
		{A9FAD1FF-8686-4F2D-9880-B6A5C1FB4DFE}.Release|Any CPU.ActiveCfg = Release|Any CPU
		{A9FAD1FF-8686-4F2D-9880-B6A5C1FB4DFE}.Release|Any CPU.Build.0 = Release|Any CPU
	EndGlobalSection
EndGlobal
